# This file was autogenerated by Stack.
# You should not edit this file by hand.
# For more information, please see the documentation at:
#   https://docs.haskellstack.org/en/stable/lock_files

packages:
- completed:
    size: 93075
    subdir: genvalidity
    url: https://github.com/NorfairKing/validity/archive/be40c0a0b0bf6a1d58f4a6a5c6770c4a544c4450.tar.gz
    cabal-file:
      size: 2832
      sha256: 23727542ad6082973d479abf4016789b71e4743b8aa7c42dbda3a3db7607c6f2
    name: genvalidity
    version: 0.9.1.0
    sha256: b1a8c76dd1c8c142c4d189340ffd3409150565ee7092d97fcd823f03be7972c7
    pantry-tree:
      size: 756
      sha256: 8ec29f202c53a40d7bc45cf972ffb7c21a32cc2d551d6847e1275fc8950f5f82
  original:
    subdir: genvalidity
    url: https://github.com/NorfairKing/validity/archive/be40c0a0b0bf6a1d58f4a6a5c6770c4a544c4450.tar.gz
- completed:
    size: 93075
    subdir: genvalidity-aeson
    url: https://github.com/NorfairKing/validity/archive/be40c0a0b0bf6a1d58f4a6a5c6770c4a544c4450.tar.gz
    cabal-file:
      size: 1980
      sha256: fc3fe017d7a6ae9bfb22ef2ee17213612a51821d488be6cfcc217027fd72d808
    name: genvalidity-aeson
    version: 0.3.0.0
    sha256: b1a8c76dd1c8c142c4d189340ffd3409150565ee7092d97fcd823f03be7972c7
    pantry-tree:
      size: 447
      sha256: 524c073627d829f123bd889afcde580877858782e6063fd737fc236ed5cde32a
  original:
    subdir: genvalidity-aeson
    url: https://github.com/NorfairKing/validity/archive/be40c0a0b0bf6a1d58f4a6a5c6770c4a544c4450.tar.gz
- completed:
    size: 93075
    subdir: genvalidity-bytestring
    url: https://github.com/NorfairKing/validity/archive/be40c0a0b0bf6a1d58f4a6a5c6770c4a544c4450.tar.gz
    cabal-file:
      size: 1579
      sha256: b92c83206456a11e3c6efe148f3fa11bc50c0988d91bbf79ee3b46296e2b2279
    name: genvalidity-bytestring
    version: 0.5.0.0
    sha256: b1a8c76dd1c8c142c4d189340ffd3409150565ee7092d97fcd823f03be7972c7
    pantry-tree:
      size: 408
      sha256: 81cab67b7ee53f8e22e62f34f6cc3e82f00376a3d38bbdb860aa3deaaf9329a2
  original:
    subdir: genvalidity-bytestring
    url: https://github.com/NorfairKing/validity/archive/be40c0a0b0bf6a1d58f4a6a5c6770c4a544c4450.tar.gz
- completed:
    size: 93075
    subdir: genvalidity-containers
    url: https://github.com/NorfairKing/validity/archive/be40c0a0b0bf6a1d58f4a6a5c6770c4a544c4450.tar.gz
    cabal-file:
      size: 2230
      sha256: 34654bc47feff2ae06e720fe642c61da3ba15ceac120b5168de7f36a3bf08898
    name: genvalidity-containers
    version: 0.8.0.1
    sha256: b1a8c76dd1c8c142c4d189340ffd3409150565ee7092d97fcd823f03be7972c7
    pantry-tree:
      size: 978
      sha256: 5ca487dd39d9031332c6050f020d6d4656be2ad84ab75b7532bd7695724a25ab
  original:
    subdir: genvalidity-containers
    url: https://github.com/NorfairKing/validity/archive/be40c0a0b0bf6a1d58f4a6a5c6770c4a544c4450.tar.gz
- completed:
    size: 93075
    subdir: genvalidity-criterion
    url: https://github.com/NorfairKing/validity/archive/be40c0a0b0bf6a1d58f4a6a5c6770c4a544c4450.tar.gz
    cabal-file:
      size: 1361
      sha256: ba2ccffebaf5460cccbd3f9b117c9890bb25ac444678bb5270af40a39fb2ffee
    name: genvalidity-criterion
    version: 0.0.0.0
    sha256: b1a8c76dd1c8c142c4d189340ffd3409150565ee7092d97fcd823f03be7972c7
    pantry-tree:
      size: 283
      sha256: ec7f3433c3a61b42717a1d5949c144214d74f06397398f5ad2765314a9297e2c
  original:
    subdir: genvalidity-criterion
    url: https://github.com/NorfairKing/validity/archive/be40c0a0b0bf6a1d58f4a6a5c6770c4a544c4450.tar.gz
- completed:
    size: 93075
    subdir: genvalidity-hspec
    url: https://github.com/NorfairKing/validity/archive/be40c0a0b0bf6a1d58f4a6a5c6770c4a544c4450.tar.gz
    cabal-file:
      size: 2863
      sha256: 91733318fd6dd164757bd0f69dd9449a9de2f5296b20a7646369019b604eda26
    name: genvalidity-hspec
    version: 0.7.0.3
    sha256: b1a8c76dd1c8c142c4d189340ffd3409150565ee7092d97fcd823f03be7972c7
    pantry-tree:
      size: 2125
      sha256: 04ba35b22d41522c630237c98cc725eefe42cd9bed73177d48926bee0a392a6c
  original:
    subdir: genvalidity-hspec
    url: https://github.com/NorfairKing/validity/archive/be40c0a0b0bf6a1d58f4a6a5c6770c4a544c4450.tar.gz
- completed:
    size: 93075
    subdir: genvalidity-hspec-aeson
    url: https://github.com/NorfairKing/validity/archive/be40c0a0b0bf6a1d58f4a6a5c6770c4a544c4450.tar.gz
    cabal-file:
      size: 1659
      sha256: fcad883f1dc7bd810f0eb99ee4f7ec52311471e83e3e6b06744465526b4b2602
    name: genvalidity-hspec-aeson
    version: 0.3.1.0
    sha256: b1a8c76dd1c8c142c4d189340ffd3409150565ee7092d97fcd823f03be7972c7
    pantry-tree:
      size: 439
      sha256: e7e0ff9491cb1a4e995d1f665c4426d20ccfbca8e2d7a841538ab1c0b3586e85
  original:
    subdir: genvalidity-hspec-aeson
    url: https://github.com/NorfairKing/validity/archive/be40c0a0b0bf6a1d58f4a6a5c6770c4a544c4450.tar.gz
- completed:
    size: 93075
    subdir: genvalidity-hspec-binary
    url: https://github.com/NorfairKing/validity/archive/be40c0a0b0bf6a1d58f4a6a5c6770c4a544c4450.tar.gz
    cabal-file:
      size: 1711
      sha256: bff662c4c3819d5d1d440e7b841e6c270f3e52386179e04d80f82ca6156ca167
    name: genvalidity-hspec-binary
    version: 0.2.0.3
    sha256: b1a8c76dd1c8c142c4d189340ffd3409150565ee7092d97fcd823f03be7972c7
    pantry-tree:
      size: 440
      sha256: 4498727c9fba599130f4a867b075dc595e8d78d6ec50f75eb54fc20d70d5d32d
  original:
    subdir: genvalidity-hspec-binary
    url: https://github.com/NorfairKing/validity/archive/be40c0a0b0bf6a1d58f4a6a5c6770c4a544c4450.tar.gz
- completed:
    size: 93075
    subdir: genvalidity-hspec-cereal
    url: https://github.com/NorfairKing/validity/archive/be40c0a0b0bf6a1d58f4a6a5c6770c4a544c4450.tar.gz
    cabal-file:
      size: 1570
      sha256: e2a3d754e2a3916f78df9387bf2e39b4e0cfa0012dbd9dc85f1e637f8a9ad334
    name: genvalidity-hspec-cereal
    version: 0.2.0.3
    sha256: b1a8c76dd1c8c142c4d189340ffd3409150565ee7092d97fcd823f03be7972c7
    pantry-tree:
      size: 441
      sha256: a27d9cbd5ccc1b0053b73bbafb3b9ca414dd14f85f4b13824f92b504a77a09a6
  original:
    subdir: genvalidity-hspec-cereal
    url: https://github.com/NorfairKing/validity/archive/be40c0a0b0bf6a1d58f4a6a5c6770c4a544c4450.tar.gz
- completed:
    size: 93075
    subdir: genvalidity-hspec-hashable
    url: https://github.com/NorfairKing/validity/archive/be40c0a0b0bf6a1d58f4a6a5c6770c4a544c4450.tar.gz
    cabal-file:
      size: 1748
      sha256: 881f60f3d71584c633486b155b65a6e9246140faec927e8a2eda14757b9fb5b6
    name: genvalidity-hspec-hashable
    version: 0.2.0.4
    sha256: b1a8c76dd1c8c142c4d189340ffd3409150565ee7092d97fcd823f03be7972c7
    pantry-tree:
      size: 501
      sha256: fbe84c2074585993e9908b60cc6de8689b340579a2cdab22447b94a432607049
  original:
    subdir: genvalidity-hspec-hashable
    url: https://github.com/NorfairKing/validity/archive/be40c0a0b0bf6a1d58f4a6a5c6770c4a544c4450.tar.gz
- completed:
    size: 93075
    subdir: genvalidity-hspec-optics
    url: https://github.com/NorfairKing/validity/archive/be40c0a0b0bf6a1d58f4a6a5c6770c4a544c4450.tar.gz
    cabal-file:
      size: 1596
      sha256: 2db23d5dd415cf842ee6ecb6ef473141891b13b651b1736b2e981a67c56f174c
    name: genvalidity-hspec-optics
    version: 0.1.1.1
    sha256: b1a8c76dd1c8c142c4d189340ffd3409150565ee7092d97fcd823f03be7972c7
    pantry-tree:
      size: 443
      sha256: 7b836efa44b2ab419430a455bab8424c1a8fed816a96c179f7ad2cb1fdfe346a
  original:
    subdir: genvalidity-hspec-optics
    url: https://github.com/NorfairKing/validity/archive/be40c0a0b0bf6a1d58f4a6a5c6770c4a544c4450.tar.gz
- completed:
    size: 93075
    subdir: genvalidity-path
    url: https://github.com/NorfairKing/validity/archive/be40c0a0b0bf6a1d58f4a6a5c6770c4a544c4450.tar.gz
    cabal-file:
      size: 1832
      sha256: d17a0ae20a62348bad7799502f0b6607c4dcdd05e8d323b4d52022d192647dac
    name: genvalidity-path
    version: 0.3.0.3
    sha256: b1a8c76dd1c8c142c4d189340ffd3409150565ee7092d97fcd823f03be7972c7
    pantry-tree:
      size: 395
      sha256: 7b1f062a53a5181b2c117671a96aac8ea5b1c43a61cc7d0f3cc4770e021e8e72
  original:
    subdir: genvalidity-path
    url: https://github.com/NorfairKing/validity/archive/be40c0a0b0bf6a1d58f4a6a5c6770c4a544c4450.tar.gz
- completed:
    size: 93075
    subdir: genvalidity-property
    url: https://github.com/NorfairKing/validity/archive/be40c0a0b0bf6a1d58f4a6a5c6770c4a544c4450.tar.gz
    cabal-file:
      size: 1895
      sha256: 4bebbdd1f7028fda183c96c1a838f928d818ef511064491f92b6f9cb57fdb8b2
    name: genvalidity-property
    version: 0.5.0.1
    sha256: b1a8c76dd1c8c142c4d189340ffd3409150565ee7092d97fcd823f03be7972c7
    pantry-tree:
      size: 1864
      sha256: 6f831ee9ba094bdc702b0f7bdfadca654f4098a92a46f28454f1d296ffcbc7b8
  original:
    subdir: genvalidity-property
    url: https://github.com/NorfairKing/validity/archive/be40c0a0b0bf6a1d58f4a6a5c6770c4a544c4450.tar.gz
- completed:
    size: 93075
    subdir: genvalidity-scientific
    url: https://github.com/NorfairKing/validity/archive/be40c0a0b0bf6a1d58f4a6a5c6770c4a544c4450.tar.gz
    cabal-file:
      size: 1538
      sha256: 26045990ef31ca673fbac1897b0828e878c918ec10f1fc7bcfcc4544361d6a4a
    name: genvalidity-scientific
    version: 0.2.1.0
    sha256: b1a8c76dd1c8c142c4d189340ffd3409150565ee7092d97fcd823f03be7972c7
    pantry-tree:
      size: 405
      sha256: cc6fbe3f328cf8e2c81974df7dd71cd9cc32b3cad79e320f3a4009386699a97d
  original:
    subdir: genvalidity-scientific
    url: https://github.com/NorfairKing/validity/archive/be40c0a0b0bf6a1d58f4a6a5c6770c4a544c4450.tar.gz
- completed:
    size: 93075
    subdir: genvalidity-text
    url: https://github.com/NorfairKing/validity/archive/be40c0a0b0bf6a1d58f4a6a5c6770c4a544c4450.tar.gz
    cabal-file:
      size: 1860
      sha256: ba93c80b3c5929d05aa749c3533255cc15cbcb2da05e0926766eef14cd5cd21b
    name: genvalidity-text
    version: 0.7.0.1
    sha256: b1a8c76dd1c8c142c4d189340ffd3409150565ee7092d97fcd823f03be7972c7
    pantry-tree:
      size: 448
      sha256: 6fec708aca9522f2767c9ceec1112223d474dd273ce6643c82419588582f6164
  original:
    subdir: genvalidity-text
    url: https://github.com/NorfairKing/validity/archive/be40c0a0b0bf6a1d58f4a6a5c6770c4a544c4450.tar.gz
- completed:
    size: 93075
    subdir: genvalidity-time
    url: https://github.com/NorfairKing/validity/archive/be40c0a0b0bf6a1d58f4a6a5c6770c4a544c4450.tar.gz
    cabal-file:
      size: 1597
      sha256: 571a0f47080eacb3af8c9810602c7929f4f4fec78d7a5e56461c3c04690f1790
    name: genvalidity-time
    version: 0.2.1.1
    sha256: b1a8c76dd1c8c142c4d189340ffd3409150565ee7092d97fcd823f03be7972c7
    pantry-tree:
      size: 647
      sha256: d92c14592d0fea1485a816d412f42732ad46d292d69dd6d56eb95b6d5a4b2462
  original:
    subdir: genvalidity-time
    url: https://github.com/NorfairKing/validity/archive/be40c0a0b0bf6a1d58f4a6a5c6770c4a544c4450.tar.gz
- completed:
    size: 93075
    subdir: genvalidity-unordered-containers
    url: https://github.com/NorfairKing/validity/archive/be40c0a0b0bf6a1d58f4a6a5c6770c4a544c4450.tar.gz
    cabal-file:
      size: 1713
      sha256: 6b0721c19370aaa1918b2dd37a42835d6bb2964a63e14b686db42c82b9952275
    name: genvalidity-unordered-containers
    version: 0.3.0.0
    sha256: b1a8c76dd1c8c142c4d189340ffd3409150565ee7092d97fcd823f03be7972c7
    pantry-tree:
      size: 563
      sha256: f19e69ce3c874ea8368ef0bf6c7a69697535b66ff8ec2c16a47af37dd5e9dc67
  original:
    subdir: genvalidity-unordered-containers
    url: https://github.com/NorfairKing/validity/archive/be40c0a0b0bf6a1d58f4a6a5c6770c4a544c4450.tar.gz
- completed:
    size: 93075
    subdir: genvalidity-uuid
    url: https://github.com/NorfairKing/validity/archive/be40c0a0b0bf6a1d58f4a6a5c6770c4a544c4450.tar.gz
    cabal-file:
      size: 1485
      sha256: dc80fa20259e79ac917c827068ea90b08e19e9f233eae7342f50934009b05946
    name: genvalidity-uuid
    version: 0.1.0.2
    sha256: b1a8c76dd1c8c142c4d189340ffd3409150565ee7092d97fcd823f03be7972c7
    pantry-tree:
      size: 341
      sha256: 4d6f9c979274572ce51823e31372d28cd188f34acaeafb677fcc07d2bc07f06a
  original:
    subdir: genvalidity-uuid
    url: https://github.com/NorfairKing/validity/archive/be40c0a0b0bf6a1d58f4a6a5c6770c4a544c4450.tar.gz
- completed:
    size: 93075
    subdir: genvalidity-vector
    url: https://github.com/NorfairKing/validity/archive/be40c0a0b0bf6a1d58f4a6a5c6770c4a544c4450.tar.gz
    cabal-file:
      size: 1457
      sha256: b7ebb513d14b18038c1adfb31adf0c3f030779c35057c3aff7daf9f42afcdcc7
    name: genvalidity-vector
    version: 0.3.0.0
    sha256: b1a8c76dd1c8c142c4d189340ffd3409150565ee7092d97fcd823f03be7972c7
    pantry-tree:
      size: 395
      sha256: 2c33be12a18b2456089fcec60f8fb23d4816b64e1e2a3d07682b12edc58a9f0f
  original:
    subdir: genvalidity-vector
    url: https://github.com/NorfairKing/validity/archive/be40c0a0b0bf6a1d58f4a6a5c6770c4a544c4450.tar.gz
- completed:
    size: 93075
    subdir: validity
    url: https://github.com/NorfairKing/validity/archive/be40c0a0b0bf6a1d58f4a6a5c6770c4a544c4450.tar.gz
    cabal-file:
      size: 2612
      sha256: 02c5962909e55489d553fa5080ea0492b1afac37bdbdfb5a7b2eff58a093a9ce
    name: validity
    version: 0.9.0.2
    sha256: b1a8c76dd1c8c142c4d189340ffd3409150565ee7092d97fcd823f03be7972c7
    pantry-tree:
      size: 450
      sha256: d32213353a18e6d3a0ee5b7253a1f4aff27c7fa5cf906036bf530181a5e3dabd
  original:
    subdir: validity
    url: https://github.com/NorfairKing/validity/archive/be40c0a0b0bf6a1d58f4a6a5c6770c4a544c4450.tar.gz
- completed:
    size: 93075
    subdir: validity-aeson
    url: https://github.com/NorfairKing/validity/archive/be40c0a0b0bf6a1d58f4a6a5c6770c4a544c4450.tar.gz
    cabal-file:
      size: 1108
      sha256: bc54933a4102c361ce55caa36f59fc19a3a7aa6766c93cef0af3b8a163e8b5b9
    name: validity-aeson
    version: 0.2.0.2
    sha256: b1a8c76dd1c8c142c4d189340ffd3409150565ee7092d97fcd823f03be7972c7
    pantry-tree:
      size: 215
      sha256: 11897b058a1da297bbe42597f8de8c2abf40ba390f78d46b23223e315bf66586
  original:
    subdir: validity-aeson
    url: https://github.com/NorfairKing/validity/archive/be40c0a0b0bf6a1d58f4a6a5c6770c4a544c4450.tar.gz
- completed:
    size: 93075
    subdir: validity-bytestring
    url: https://github.com/NorfairKing/validity/archive/be40c0a0b0bf6a1d58f4a6a5c6770c4a544c4450.tar.gz
    cabal-file:
      size: 1042
      sha256: d18e51b3c494d4af7dc93ed298469a7e4a7dd3aba07f00beb68c87c7d2495b42
    name: validity-bytestring
    version: 0.4.1.0
    sha256: b1a8c76dd1c8c142c4d189340ffd3409150565ee7092d97fcd823f03be7972c7
    pantry-tree:
      size: 273
      sha256: f1027893a3e5bc4d1c54303773bf984f00beed0d3771177f92ff5f1df96cc502
  original:
    subdir: validity-bytestring
    url: https://github.com/NorfairKing/validity/archive/be40c0a0b0bf6a1d58f4a6a5c6770c4a544c4450.tar.gz
- completed:
    size: 93075
    subdir: validity-containers
    url: https://github.com/NorfairKing/validity/archive/be40c0a0b0bf6a1d58f4a6a5c6770c4a544c4450.tar.gz
    cabal-file:
      size: 1144
      sha256: d9d898050cf12e1730c2ec6ef3c282eed8c580cb6572ffc07183a39e42012377
    name: validity-containers
    version: 0.5.0.0
    sha256: b1a8c76dd1c8c142c4d189340ffd3409150565ee7092d97fcd823f03be7972c7
    pantry-tree:
      size: 534
      sha256: 03c34932a0c3042d93da4bd6653f0bd7007d3ad7856fccb477c3cb3f6f48949f
  original:
    subdir: validity-containers
    url: https://github.com/NorfairKing/validity/archive/be40c0a0b0bf6a1d58f4a6a5c6770c4a544c4450.tar.gz
- completed:
    size: 93075
    subdir: validity-path
    url: https://github.com/NorfairKing/validity/archive/be40c0a0b0bf6a1d58f4a6a5c6770c4a544c4450.tar.gz
    cabal-file:
      size: 1432
      sha256: c5b54d74bcf6b6ece185f667236a6fc9e1050d4c5336407ca6b567134121d31d
    name: validity-path
    version: 0.4.0.0
    sha256: b1a8c76dd1c8c142c4d189340ffd3409150565ee7092d97fcd823f03be7972c7
    pantry-tree:
      size: 389
      sha256: 265cdfb5e6071f94c4a7f638c760fc55054d68023ef59cc4562dae746e8f47da
  original:
    subdir: validity-path
    url: https://github.com/NorfairKing/validity/archive/be40c0a0b0bf6a1d58f4a6a5c6770c4a544c4450.tar.gz
- completed:
    size: 93075
    subdir: validity-primitive
    url: https://github.com/NorfairKing/validity/archive/be40c0a0b0bf6a1d58f4a6a5c6770c4a544c4450.tar.gz
    cabal-file:
      size: 999
      sha256: 662022e73e4b0dc3d1a6d5e502ff3aa20cf7427c2769bcb2d1b3cd34514850e6
    name: validity-primitive
    version: 0.0.0.0
    sha256: b1a8c76dd1c8c142c4d189340ffd3409150565ee7092d97fcd823f03be7972c7
    pantry-tree:
      size: 219
      sha256: c89f89b1f2df32b411c67610fc6d7a2c1cee4e0f3d5620bc7aeb1926b203348a
  original:
    subdir: validity-primitive
    url: https://github.com/NorfairKing/validity/archive/be40c0a0b0bf6a1d58f4a6a5c6770c4a544c4450.tar.gz
- completed:
    size: 93075
    subdir: validity-scientific
    url: https://github.com/NorfairKing/validity/archive/be40c0a0b0bf6a1d58f4a6a5c6770c4a544c4450.tar.gz
    cabal-file:
      size: 1000
      sha256: b6541363d602d5c431b688d2aa83439a91bddb663e8a0f74d5bfa6a3370071de
    name: validity-scientific
    version: 0.2.0.2
    sha256: b1a8c76dd1c8c142c4d189340ffd3409150565ee7092d97fcd823f03be7972c7
    pantry-tree:
      size: 220
      sha256: 14b1851c2346ad76b6b9fcadf2d280ae75bf118be38ee13b8be128945f1830f4
  original:
    subdir: validity-scientific
    url: https://github.com/NorfairKing/validity/archive/be40c0a0b0bf6a1d58f4a6a5c6770c4a544c4450.tar.gz
- completed:
    size: 93075
    subdir: validity-text
    url: https://github.com/NorfairKing/validity/archive/be40c0a0b0bf6a1d58f4a6a5c6770c4a544c4450.tar.gz
    cabal-file:
      size: 987
      sha256: 0b0360bb70f3e8338254c4d74aca47e2af499a62ba1ce8822568fe2b4bf66635
    name: validity-text
    version: 0.3.1.0
    sha256: b1a8c76dd1c8c142c4d189340ffd3409150565ee7092d97fcd823f03be7972c7
    pantry-tree:
      size: 267
      sha256: 1ee09551076cd77c7efa841ed0af095fc09b95f8f18324a943e12ef2dfaa3817
  original:
    subdir: validity-text
    url: https://github.com/NorfairKing/validity/archive/be40c0a0b0bf6a1d58f4a6a5c6770c4a544c4450.tar.gz
- completed:
    size: 93075
    subdir: validity-time
    url: https://github.com/NorfairKing/validity/archive/be40c0a0b0bf6a1d58f4a6a5c6770c4a544c4450.tar.gz
    cabal-file:
      size: 1107
      sha256: 25e911b6a9b487ac34d2a7c85e25095f0b66d2971f92aab18d20ede92da1ac7b
    name: validity-time
    version: 0.2.0.2
    sha256: b1a8c76dd1c8c142c4d189340ffd3409150565ee7092d97fcd823f03be7972c7
    pantry-tree:
      size: 508
      sha256: 291fe27daef6492c43a4600784e9f7249fcbfca57e9b844706f4c583b89d74f3
  original:
    subdir: validity-time
    url: https://github.com/NorfairKing/validity/archive/be40c0a0b0bf6a1d58f4a6a5c6770c4a544c4450.tar.gz
- completed:
    size: 93075
    subdir: validity-unordered-containers
    url: https://github.com/NorfairKing/validity/archive/be40c0a0b0bf6a1d58f4a6a5c6770c4a544c4450.tar.gz
    cabal-file:
      size: 1133
      sha256: b77f0d96b36f2817e108e8ba8ce80986bc4f35b21554c1cb5bc4487808e95038
    name: validity-unordered-containers
    version: 0.2.0.2
    sha256: b1a8c76dd1c8c142c4d189340ffd3409150565ee7092d97fcd823f03be7972c7
    pantry-tree:
      size: 365
      sha256: 8007a0e10b7d0676581077fa7d46bbd41712fd4e731b961aee50f0c952155b2e
  original:
    subdir: validity-unordered-containers
    url: https://github.com/NorfairKing/validity/archive/be40c0a0b0bf6a1d58f4a6a5c6770c4a544c4450.tar.gz
- completed:
    size: 93075
    subdir: validity-uuid
    url: https://github.com/NorfairKing/validity/archive/be40c0a0b0bf6a1d58f4a6a5c6770c4a544c4450.tar.gz
    cabal-file:
      size: 970
      sha256: a24f3cfcebdad6d26b77e1519fc981b63746f60f6be9025ad61e6197c9ac441b
    name: validity-uuid
    version: 0.1.0.2
    sha256: b1a8c76dd1c8c142c4d189340ffd3409150565ee7092d97fcd823f03be7972c7
    pantry-tree:
      size: 214
      sha256: c1327427c320dd9661864a07186c2ea2f910f62b33a485ef6486079202f515c1
  original:
    subdir: validity-uuid
    url: https://github.com/NorfairKing/validity/archive/be40c0a0b0bf6a1d58f4a6a5c6770c4a544c4450.tar.gz
- completed:
    size: 93075
    subdir: validity-vector
    url: https://github.com/NorfairKing/validity/archive/be40c0a0b0bf6a1d58f4a6a5c6770c4a544c4450.tar.gz
    cabal-file:
      size: 1000
      sha256: 3203779a047dde05f2e4cf0aaefd12f04bc9af01a07cd422f9774f696a06e5d6
    name: validity-vector
    version: 0.2.0.2
    sha256: b1a8c76dd1c8c142c4d189340ffd3409150565ee7092d97fcd823f03be7972c7
    pantry-tree:
      size: 216
      sha256: 14c2dad8aa27b1934f6633dce75d0a40a954cd700416f42dc7b32a9c8e45edf5
  original:
    subdir: validity-vector
    url: https://github.com/NorfairKing/validity/archive/be40c0a0b0bf6a1d58f4a6a5c6770c4a544c4450.tar.gz
snapshots:
- completed:
    size: 481543
    url: https://raw.githubusercontent.com/commercialhaskell/stackage-snapshots/master/nightly/2020/2/12.yaml
    sha256: 80931f8598cab16c414e07a8d6aa646eb8f8bcd91e3d2b4ff9a296753e9b81a1
  original: nightly-2020-02-12
