# This file was autogenerated by Stack.
# You should not edit this file by hand.
# For more information, please see the documentation at:
#   https://docs.haskellstack.org/en/stable/lock_files

packages:
- completed:
    size: 94624
    subdir: genvalidity
    url: https://github.com/NorfairKing/validity/archive/902bcff3456b3b9a65f59d0d5176e8aadba12c26.tar.gz
    cabal-file:
      size: 2833
      sha256: 3f5ba5009e8b0073066f2859800e483ccbfbdd070c89dd40210597a7df8b8e59
    name: genvalidity
    version: 0.10.0.0
    sha256: d67e9d96b22983d5b29f8f3aef75f32cf171dc309283bfbe56afea9e8e277d4b
    pantry-tree:
      size: 756
      sha256: 7b94654f390871c7c285b514dc8ee71db6de47dbec2a428aaf585636bc416e5f
  original:
    subdir: genvalidity
    url: https://github.com/NorfairKing/validity/archive/902bcff3456b3b9a65f59d0d5176e8aadba12c26.tar.gz
- completed:
    size: 94624
    subdir: genvalidity-aeson
    url: https://github.com/NorfairKing/validity/archive/902bcff3456b3b9a65f59d0d5176e8aadba12c26.tar.gz
    cabal-file:
      size: 1980
      sha256: 71f36a407973bbeeff802be3c6a46e84470bf72e1c7cec1ad01cd8980149e2a3
    name: genvalidity-aeson
    version: 0.3.0.1
    sha256: d67e9d96b22983d5b29f8f3aef75f32cf171dc309283bfbe56afea9e8e277d4b
    pantry-tree:
      size: 447
      sha256: 77b0beeef22ce1c2e2fcbab08af00042695ce160cf15f1a2017b454207e16754
  original:
    subdir: genvalidity-aeson
    url: https://github.com/NorfairKing/validity/archive/902bcff3456b3b9a65f59d0d5176e8aadba12c26.tar.gz
- completed:
    size: 94624
    subdir: genvalidity-bytestring
    url: https://github.com/NorfairKing/validity/archive/902bcff3456b3b9a65f59d0d5176e8aadba12c26.tar.gz
    cabal-file:
      size: 1579
      sha256: c3eac77889292a8e1a84f41544c32258f3ed3c89505425ac30ed808d00a12ca6
    name: genvalidity-bytestring
    version: 0.5.0.1
    sha256: d67e9d96b22983d5b29f8f3aef75f32cf171dc309283bfbe56afea9e8e277d4b
    pantry-tree:
      size: 408
      sha256: de78317efe4dcf060b14babb1aac6f1c698a22d5ef8b9642a62fdc3500898246
  original:
    subdir: genvalidity-bytestring
    url: https://github.com/NorfairKing/validity/archive/902bcff3456b3b9a65f59d0d5176e8aadba12c26.tar.gz
- completed:
    size: 94624
    subdir: genvalidity-containers
    url: https://github.com/NorfairKing/validity/archive/902bcff3456b3b9a65f59d0d5176e8aadba12c26.tar.gz
    cabal-file:
      size: 2230
      sha256: c2d71380c8a6ee3969c91935c194e08efe91389952bef831a5a92e4671589055
    name: genvalidity-containers
    version: 0.8.0.2
    sha256: d67e9d96b22983d5b29f8f3aef75f32cf171dc309283bfbe56afea9e8e277d4b
    pantry-tree:
      size: 978
      sha256: 0a76e5a98c33931ce83e3d6d769d0d3b3bfc55dbc548a1b59aad89f2cda46866
  original:
    subdir: genvalidity-containers
    url: https://github.com/NorfairKing/validity/archive/902bcff3456b3b9a65f59d0d5176e8aadba12c26.tar.gz
- completed:
    size: 94624
    subdir: genvalidity-criterion
    url: https://github.com/NorfairKing/validity/archive/902bcff3456b3b9a65f59d0d5176e8aadba12c26.tar.gz
    cabal-file:
      size: 1361
      sha256: ba2ccffebaf5460cccbd3f9b117c9890bb25ac444678bb5270af40a39fb2ffee
    name: genvalidity-criterion
    version: 0.0.0.0
    sha256: d67e9d96b22983d5b29f8f3aef75f32cf171dc309283bfbe56afea9e8e277d4b
    pantry-tree:
      size: 283
      sha256: c3cf4f83e8064d4599e146a9a2cb03c7387800ce709d1c1053bd5208e9386176
  original:
    subdir: genvalidity-criterion
    url: https://github.com/NorfairKing/validity/archive/902bcff3456b3b9a65f59d0d5176e8aadba12c26.tar.gz
- completed:
    size: 94624
    subdir: genvalidity-hspec
    url: https://github.com/NorfairKing/validity/archive/902bcff3456b3b9a65f59d0d5176e8aadba12c26.tar.gz
    cabal-file:
      size: 2863
      sha256: 53bbbdd7ef4887e846ad59cec494de22ee490549f68a11432590aee8fe6f2f22
    name: genvalidity-hspec
    version: 0.7.0.4
    sha256: d67e9d96b22983d5b29f8f3aef75f32cf171dc309283bfbe56afea9e8e277d4b
    pantry-tree:
      size: 2125
      sha256: 400574ded05c3bdc5f1153d698e824f5c31e81075d491af0f9cafba405a3e2d5
  original:
    subdir: genvalidity-hspec
    url: https://github.com/NorfairKing/validity/archive/902bcff3456b3b9a65f59d0d5176e8aadba12c26.tar.gz
- completed:
    size: 94624
    subdir: genvalidity-hspec-aeson
    url: https://github.com/NorfairKing/validity/archive/902bcff3456b3b9a65f59d0d5176e8aadba12c26.tar.gz
    cabal-file:
      size: 1659
      sha256: 1d8b28a93be70bae656b72f5c6bdb686a607f422c5fc859e3ea59b00934b93c4
    name: genvalidity-hspec-aeson
    version: 0.3.1.1
    sha256: d67e9d96b22983d5b29f8f3aef75f32cf171dc309283bfbe56afea9e8e277d4b
    pantry-tree:
      size: 439
      sha256: ef3c4eafcacbad24a461347c6a975f35edcf169934453ad7de5fe2496783e8cd
  original:
    subdir: genvalidity-hspec-aeson
    url: https://github.com/NorfairKing/validity/archive/902bcff3456b3b9a65f59d0d5176e8aadba12c26.tar.gz
- completed:
    size: 94624
    subdir: genvalidity-hspec-binary
    url: https://github.com/NorfairKing/validity/archive/902bcff3456b3b9a65f59d0d5176e8aadba12c26.tar.gz
    cabal-file:
      size: 1711
      sha256: 0dba6bef0e50266094d7d9299880521f2e552433228f30f152a7d8ea592454e4
    name: genvalidity-hspec-binary
    version: 0.2.0.4
    sha256: d67e9d96b22983d5b29f8f3aef75f32cf171dc309283bfbe56afea9e8e277d4b
    pantry-tree:
      size: 440
      sha256: 10780f09ccb0039531d48666e6d11780ff6ac3560439b2ba9f4b0334c074e679
  original:
    subdir: genvalidity-hspec-binary
    url: https://github.com/NorfairKing/validity/archive/902bcff3456b3b9a65f59d0d5176e8aadba12c26.tar.gz
- completed:
    size: 94624
    subdir: genvalidity-hspec-cereal
    url: https://github.com/NorfairKing/validity/archive/902bcff3456b3b9a65f59d0d5176e8aadba12c26.tar.gz
    cabal-file:
      size: 1570
      sha256: 4a41f2e45be0e9860b95ff9fde15348fee25243bcec32ff9752abffebcc31fbb
    name: genvalidity-hspec-cereal
    version: 0.2.0.4
    sha256: d67e9d96b22983d5b29f8f3aef75f32cf171dc309283bfbe56afea9e8e277d4b
    pantry-tree:
      size: 441
      sha256: c967bdef742f7160f32b55e5be442a1b7c0876ab5b130285a2e3c93d522cb104
  original:
    subdir: genvalidity-hspec-cereal
    url: https://github.com/NorfairKing/validity/archive/902bcff3456b3b9a65f59d0d5176e8aadba12c26.tar.gz
- completed:
    size: 94624
    subdir: genvalidity-hspec-hashable
    url: https://github.com/NorfairKing/validity/archive/902bcff3456b3b9a65f59d0d5176e8aadba12c26.tar.gz
    cabal-file:
      size: 1748
      sha256: 9ed30d613644271544599406543e8ebb991370117b3c4d96f5733c12dbcffe23
    name: genvalidity-hspec-hashable
    version: 0.2.0.5
    sha256: d67e9d96b22983d5b29f8f3aef75f32cf171dc309283bfbe56afea9e8e277d4b
    pantry-tree:
      size: 501
      sha256: 287d724e04cafdb5c63336d595aa0c3317b6bda2e4b85102b4d8120547415da7
  original:
    subdir: genvalidity-hspec-hashable
    url: https://github.com/NorfairKing/validity/archive/902bcff3456b3b9a65f59d0d5176e8aadba12c26.tar.gz
- completed:
    size: 94624
    subdir: genvalidity-hspec-optics
    url: https://github.com/NorfairKing/validity/archive/902bcff3456b3b9a65f59d0d5176e8aadba12c26.tar.gz
    cabal-file:
      size: 1596
      sha256: a5f2fefeb890a15616cbc9608acd1fc9345d34ed14b74256bdc88f9b5fcd49e0
    name: genvalidity-hspec-optics
    version: 0.1.1.2
    sha256: d67e9d96b22983d5b29f8f3aef75f32cf171dc309283bfbe56afea9e8e277d4b
    pantry-tree:
      size: 443
      sha256: cca60b8d9521f64a6af0a9c41383bbf9cd61d88ccd92a4429a07eca573be2d9f
  original:
    subdir: genvalidity-hspec-optics
    url: https://github.com/NorfairKing/validity/archive/902bcff3456b3b9a65f59d0d5176e8aadba12c26.tar.gz
- completed:
    size: 94624
    subdir: genvalidity-path
    url: https://github.com/NorfairKing/validity/archive/902bcff3456b3b9a65f59d0d5176e8aadba12c26.tar.gz
    cabal-file:
      size: 1832
      sha256: ab4aea83b358c18f69c3f34daf84b8525b3707a65ebaa4f20dc7bb577c0ec339
    name: genvalidity-path
    version: 0.3.0.4
    sha256: d67e9d96b22983d5b29f8f3aef75f32cf171dc309283bfbe56afea9e8e277d4b
    pantry-tree:
      size: 442
      sha256: 14a2b0a2be04fc3065f5401985e5eb1af086ff6333888f26f06c3dda2af26051
  original:
    subdir: genvalidity-path
    url: https://github.com/NorfairKing/validity/archive/902bcff3456b3b9a65f59d0d5176e8aadba12c26.tar.gz
- completed:
    size: 94624
    subdir: genvalidity-property
    url: https://github.com/NorfairKing/validity/archive/902bcff3456b3b9a65f59d0d5176e8aadba12c26.tar.gz
    cabal-file:
      size: 1895
      sha256: 4bebbdd1f7028fda183c96c1a838f928d818ef511064491f92b6f9cb57fdb8b2
    name: genvalidity-property
    version: 0.5.0.1
    sha256: d67e9d96b22983d5b29f8f3aef75f32cf171dc309283bfbe56afea9e8e277d4b
    pantry-tree:
      size: 1864
      sha256: 4cc57a0676313ad0e68ddf1a869dba296e2a283be46eabbb5bf508e28152e3c5
  original:
    subdir: genvalidity-property
    url: https://github.com/NorfairKing/validity/archive/902bcff3456b3b9a65f59d0d5176e8aadba12c26.tar.gz
- completed:
    size: 94624
    subdir: genvalidity-scientific
    url: https://github.com/NorfairKing/validity/archive/902bcff3456b3b9a65f59d0d5176e8aadba12c26.tar.gz
    cabal-file:
      size: 1538
      sha256: 80cf269996e20e85403a5b0cbe7793641b681964e3fe85da74526748cecb2581
    name: genvalidity-scientific
    version: 0.2.1.1
    sha256: d67e9d96b22983d5b29f8f3aef75f32cf171dc309283bfbe56afea9e8e277d4b
    pantry-tree:
      size: 405
      sha256: a097023bf4cd544a4b2e3f9c447e0813b69fea55696d4895ddafbc57eef82c23
  original:
    subdir: genvalidity-scientific
    url: https://github.com/NorfairKing/validity/archive/902bcff3456b3b9a65f59d0d5176e8aadba12c26.tar.gz
- completed:
    size: 94624
    subdir: genvalidity-text
    url: https://github.com/NorfairKing/validity/archive/902bcff3456b3b9a65f59d0d5176e8aadba12c26.tar.gz
    cabal-file:
      size: 1860
      sha256: c939d001a5062201919bbaffae7faaccda2ede0bfeaa1037becb1716c41d2f89
    name: genvalidity-text
    version: 0.7.0.2
    sha256: d67e9d96b22983d5b29f8f3aef75f32cf171dc309283bfbe56afea9e8e277d4b
    pantry-tree:
      size: 448
      sha256: a8998d552ab38e0a748910f8b109972028fc45399ff01dc7e5606134658b89bb
  original:
    subdir: genvalidity-text
    url: https://github.com/NorfairKing/validity/archive/902bcff3456b3b9a65f59d0d5176e8aadba12c26.tar.gz
- completed:
    size: 94624
    subdir: genvalidity-time
    url: https://github.com/NorfairKing/validity/archive/902bcff3456b3b9a65f59d0d5176e8aadba12c26.tar.gz
    cabal-file:
      size: 1960
      sha256: 42644f266c420e19719e811932daca01bad8c734e5409bae027aad6e0686499f
    name: genvalidity-time
    version: 0.3.0.0
    sha256: d67e9d96b22983d5b29f8f3aef75f32cf171dc309283bfbe56afea9e8e277d4b
    pantry-tree:
      size: 752
      sha256: b3452d317bbea214a59bf2d1b593c2399ee7fa572455d5489c13e66ad35f572e
  original:
    subdir: genvalidity-time
    url: https://github.com/NorfairKing/validity/archive/902bcff3456b3b9a65f59d0d5176e8aadba12c26.tar.gz
- completed:
    size: 94624
    subdir: genvalidity-unordered-containers
    url: https://github.com/NorfairKing/validity/archive/902bcff3456b3b9a65f59d0d5176e8aadba12c26.tar.gz
    cabal-file:
      size: 1713
      sha256: 38e793415043b52e3c0cd13c7b7e8508e6d3a427c33418594ff09e20ce59e5a2
    name: genvalidity-unordered-containers
    version: 0.3.0.1
    sha256: d67e9d96b22983d5b29f8f3aef75f32cf171dc309283bfbe56afea9e8e277d4b
    pantry-tree:
      size: 563
      sha256: a65d3f0a014d9972a3a37e827981dc9addf165054665949510a7986858537dd0
  original:
    subdir: genvalidity-unordered-containers
    url: https://github.com/NorfairKing/validity/archive/902bcff3456b3b9a65f59d0d5176e8aadba12c26.tar.gz
- completed:
    size: 94624
    subdir: genvalidity-uuid
    url: https://github.com/NorfairKing/validity/archive/902bcff3456b3b9a65f59d0d5176e8aadba12c26.tar.gz
    cabal-file:
      size: 1485
      sha256: 27a1e151f456ced6b31c1741f91866f2974531d5f922bf69b6b86f58cd50d0e7
    name: genvalidity-uuid
    version: 0.1.0.3
    sha256: d67e9d96b22983d5b29f8f3aef75f32cf171dc309283bfbe56afea9e8e277d4b
    pantry-tree:
      size: 392
      sha256: 3ceb8bc0408672b0437cd9e0f0d783fc4017c1bfaeda864a95af144cb6f4f18d
  original:
    subdir: genvalidity-uuid
    url: https://github.com/NorfairKing/validity/archive/902bcff3456b3b9a65f59d0d5176e8aadba12c26.tar.gz
- completed:
    size: 94624
    subdir: genvalidity-vector
    url: https://github.com/NorfairKing/validity/archive/902bcff3456b3b9a65f59d0d5176e8aadba12c26.tar.gz
    cabal-file:
      size: 1457
      sha256: 76a3abd9ef5ffa3589989512ebb729d54cd293c40aac811fcb8793543de1c881
    name: genvalidity-vector
    version: 0.3.0.1
    sha256: d67e9d96b22983d5b29f8f3aef75f32cf171dc309283bfbe56afea9e8e277d4b
    pantry-tree:
      size: 395
      sha256: e109ca6598579be5c5e3d58551f8df3e54ea1f746a2da3844a93dee10a555d97
  original:
    subdir: genvalidity-vector
    url: https://github.com/NorfairKing/validity/archive/902bcff3456b3b9a65f59d0d5176e8aadba12c26.tar.gz
- completed:
    size: 94624
    subdir: validity
    url: https://github.com/NorfairKing/validity/archive/902bcff3456b3b9a65f59d0d5176e8aadba12c26.tar.gz
    cabal-file:
      size: 2612
      sha256: ee12ebe4c09ecd52c1e36604da5ab00c17d4fc815a4d18e73f7fb2f9ba449f46
    name: validity
    version: 0.9.0.3
    sha256: d67e9d96b22983d5b29f8f3aef75f32cf171dc309283bfbe56afea9e8e277d4b
    pantry-tree:
      size: 450
      sha256: 038dff7c917114925717b4efb690c8bb1d2e9c5a1464119369ff25966da28dd0
  original:
    subdir: validity
    url: https://github.com/NorfairKing/validity/archive/902bcff3456b3b9a65f59d0d5176e8aadba12c26.tar.gz
- completed:
    size: 94624
    subdir: validity-aeson
    url: https://github.com/NorfairKing/validity/archive/902bcff3456b3b9a65f59d0d5176e8aadba12c26.tar.gz
    cabal-file:
      size: 1108
      sha256: 2fff61f492752ac846ddbb2f1332cf8c44bf8d2e2efd002e17862277e0e4f4cf
    name: validity-aeson
    version: 0.2.0.3
    sha256: d67e9d96b22983d5b29f8f3aef75f32cf171dc309283bfbe56afea9e8e277d4b
    pantry-tree:
      size: 266
      sha256: 5f35653e25f1e4d467b405621f106eb4633cee19bf95810c5a6d001b57ee81fb
  original:
    subdir: validity-aeson
    url: https://github.com/NorfairKing/validity/archive/902bcff3456b3b9a65f59d0d5176e8aadba12c26.tar.gz
- completed:
    size: 94624
    subdir: validity-bytestring
    url: https://github.com/NorfairKing/validity/archive/902bcff3456b3b9a65f59d0d5176e8aadba12c26.tar.gz
    cabal-file:
      size: 1042
      sha256: df233c296025e8a5dc85707a7e1def4a8f0ae2e1fe3d201a7015b9f08d10d282
    name: validity-bytestring
    version: 0.4.1.1
    sha256: d67e9d96b22983d5b29f8f3aef75f32cf171dc309283bfbe56afea9e8e277d4b
    pantry-tree:
      size: 273
      sha256: 385a78c0de5c7545de2d62476246c7bf344b4b148f1c2b90c9f1e8906aa915c2
  original:
    subdir: validity-bytestring
    url: https://github.com/NorfairKing/validity/archive/902bcff3456b3b9a65f59d0d5176e8aadba12c26.tar.gz
- completed:
    size: 94624
    subdir: validity-containers
    url: https://github.com/NorfairKing/validity/archive/902bcff3456b3b9a65f59d0d5176e8aadba12c26.tar.gz
    cabal-file:
      size: 1144
      sha256: c012eb9a901b1f26828c45f20adfa91aadc27d3d03f94d61593a062460a3cf3b
    name: validity-containers
    version: 0.5.0.1
    sha256: d67e9d96b22983d5b29f8f3aef75f32cf171dc309283bfbe56afea9e8e277d4b
    pantry-tree:
      size: 534
      sha256: f2564fb82c7b5b32bba698881e458fb7d4bb9221f0883b447a29d836dc1b9461
  original:
    subdir: validity-containers
    url: https://github.com/NorfairKing/validity/archive/902bcff3456b3b9a65f59d0d5176e8aadba12c26.tar.gz
- completed:
    size: 94624
    subdir: validity-path
    url: https://github.com/NorfairKing/validity/archive/902bcff3456b3b9a65f59d0d5176e8aadba12c26.tar.gz
    cabal-file:
      size: 1432
      sha256: 559046896c92ddb2b1f831c8d6b33a07246d9e98a6e27d226f451ee69af882d0
    name: validity-path
    version: 0.4.0.1
    sha256: d67e9d96b22983d5b29f8f3aef75f32cf171dc309283bfbe56afea9e8e277d4b
    pantry-tree:
      size: 389
      sha256: 721eb8887c5f854a3b80290ba67532001474407686ddb1c786c6fc465f7505c8
  original:
    subdir: validity-path
    url: https://github.com/NorfairKing/validity/archive/902bcff3456b3b9a65f59d0d5176e8aadba12c26.tar.gz
- completed:
    size: 94624
    subdir: validity-primitive
    url: https://github.com/NorfairKing/validity/archive/902bcff3456b3b9a65f59d0d5176e8aadba12c26.tar.gz
    cabal-file:
      size: 999
      sha256: 920396bd64ae28f47f7cd5df98dc6fab2e9b276cba6f0be70a3cd0f4b5b0419d
    name: validity-primitive
    version: 0.0.0.1
    sha256: d67e9d96b22983d5b29f8f3aef75f32cf171dc309283bfbe56afea9e8e277d4b
    pantry-tree:
      size: 270
      sha256: b6b3d9181c15e0ec28f3f24e02082d8c6417642b21e1ee2d7cca8697d70e8856
  original:
    subdir: validity-primitive
    url: https://github.com/NorfairKing/validity/archive/902bcff3456b3b9a65f59d0d5176e8aadba12c26.tar.gz
- completed:
    size: 94624
    subdir: validity-scientific
    url: https://github.com/NorfairKing/validity/archive/902bcff3456b3b9a65f59d0d5176e8aadba12c26.tar.gz
    cabal-file:
      size: 1000
      sha256: 707c69f9d5fc1b92d7f23f01b5a8a77fda3f2112197d7e0a880a43e88aa9defd
    name: validity-scientific
    version: 0.2.0.3
    sha256: d67e9d96b22983d5b29f8f3aef75f32cf171dc309283bfbe56afea9e8e277d4b
    pantry-tree:
      size: 271
      sha256: 955a708acb2741f6fe62dbde965df35f935fd905175c1e4f4a4a62a7ca3d9d44
  original:
    subdir: validity-scientific
    url: https://github.com/NorfairKing/validity/archive/902bcff3456b3b9a65f59d0d5176e8aadba12c26.tar.gz
- completed:
    size: 94624
    subdir: validity-text
    url: https://github.com/NorfairKing/validity/archive/902bcff3456b3b9a65f59d0d5176e8aadba12c26.tar.gz
    cabal-file:
      size: 987
      sha256: 1294391cca8444e2ba04ce660c834156640a5133964db4bc49d761efd421e466
    name: validity-text
    version: 0.3.1.1
    sha256: d67e9d96b22983d5b29f8f3aef75f32cf171dc309283bfbe56afea9e8e277d4b
    pantry-tree:
      size: 267
      sha256: 0ca6f4ee33a1762ecaf1f6681d6b06bf89207eefbf8837350971e1cd07bde630
  original:
    subdir: validity-text
    url: https://github.com/NorfairKing/validity/archive/902bcff3456b3b9a65f59d0d5176e8aadba12c26.tar.gz
- completed:
    size: 94624
    subdir: validity-time
    url: https://github.com/NorfairKing/validity/archive/902bcff3456b3b9a65f59d0d5176e8aadba12c26.tar.gz
    cabal-file:
      size: 1107
      sha256: f84344cea1a46982a7d5f6163bfe27556aa8a6a5dbd45e4907bf29c195e44daf
    name: validity-time
    version: 0.3.0.0
    sha256: d67e9d96b22983d5b29f8f3aef75f32cf171dc309283bfbe56afea9e8e277d4b
    pantry-tree:
      size: 559
      sha256: d60beb56eb4e43cf38e3eb4c2843610f02a573bd6b4c1e70148dbf4a254e638e
  original:
    subdir: validity-time
    url: https://github.com/NorfairKing/validity/archive/902bcff3456b3b9a65f59d0d5176e8aadba12c26.tar.gz
- completed:
    size: 94624
    subdir: validity-unordered-containers
    url: https://github.com/NorfairKing/validity/archive/902bcff3456b3b9a65f59d0d5176e8aadba12c26.tar.gz
    cabal-file:
      size: 1133
      sha256: b7c542c5330f88854661401df8f0c25f36a9c28624ca773a7bbfa65dca165bfe
    name: validity-unordered-containers
    version: 0.2.0.3
    sha256: d67e9d96b22983d5b29f8f3aef75f32cf171dc309283bfbe56afea9e8e277d4b
    pantry-tree:
      size: 416
      sha256: d3a57b7f98df6ac380247c7d27ddaa0acd03a6e22fe01bd2f88faedcec360811
  original:
    subdir: validity-unordered-containers
    url: https://github.com/NorfairKing/validity/archive/902bcff3456b3b9a65f59d0d5176e8aadba12c26.tar.gz
- completed:
    size: 94624
    subdir: validity-uuid
    url: https://github.com/NorfairKing/validity/archive/902bcff3456b3b9a65f59d0d5176e8aadba12c26.tar.gz
    cabal-file:
      size: 970
      sha256: 2ce9a6f4fd6fc981167ff324b86608a80ce2688311f83c319a9f11bf9b6de079
    name: validity-uuid
    version: 0.1.0.3
    sha256: d67e9d96b22983d5b29f8f3aef75f32cf171dc309283bfbe56afea9e8e277d4b
    pantry-tree:
      size: 265
      sha256: 06d1b5f4178817b1023f1cf8ee722bbee1079bd156dfc0a6b1c9da04091fb80a
  original:
    subdir: validity-uuid
    url: https://github.com/NorfairKing/validity/archive/902bcff3456b3b9a65f59d0d5176e8aadba12c26.tar.gz
- completed:
    size: 94624
    subdir: validity-vector
    url: https://github.com/NorfairKing/validity/archive/902bcff3456b3b9a65f59d0d5176e8aadba12c26.tar.gz
    cabal-file:
      size: 1000
      sha256: ab73b48fffaee17a69bb25a463f6ee4b8279ba515ba99d183b1fc63b3a6321a1
    name: validity-vector
    version: 0.2.0.3
    sha256: d67e9d96b22983d5b29f8f3aef75f32cf171dc309283bfbe56afea9e8e277d4b
    pantry-tree:
      size: 267
      sha256: cc1d7c9894dc8045818d4177c54d842af4a3f78647dbd73dd3bdbd1a6e8e417c
  original:
    subdir: validity-vector
    url: https://github.com/NorfairKing/validity/archive/902bcff3456b3b9a65f59d0d5176e8aadba12c26.tar.gz
snapshots:
- completed:
    size: 481543
    url: https://raw.githubusercontent.com/commercialhaskell/stackage-snapshots/master/nightly/2020/2/12.yaml
    sha256: 80931f8598cab16c414e07a8d6aa646eb8f8bcd91e3d2b4ff9a296753e9b81a1
  original: nightly-2020-02-12
