# This file was autogenerated by Stack.
# You should not edit this file by hand.
# For more information, please see the documentation at:
#   https://docs.haskellstack.org/en/stable/lock_files

packages:
- completed:
    subdir: validity
    cabal-file:
      size: 2660
      sha256: a2e74e4073dd89525c514d6b8c72d944f2d14cb627c33c9130f18fad85f0af95
    name: validity
    version: 0.9.0.1
    git: https://github.com/NorfairKing/validity
    pantry-tree:
      size: 449
      sha256: ba9ebbdef0004c57ffe4936ad704bcd174dda70577146c2f2b37385803872f9b
    commit: 8a13a23696115845133d87118b81c47fa1f9b04b
  original:
    subdir: validity
    git: https://github.com/NorfairKing/validity
    commit: 8a13a23696115845133d87118b81c47fa1f9b04b
- completed:
    subdir: validity-containers
    cabal-file:
      size: 1204
      sha256: b2c0c36bc96e195fd1cd00487283caf68ae4a47bc2f505661f612ed203dd3650
    name: validity-containers
    version: 0.3.1.0
    git: https://github.com/NorfairKing/validity
    pantry-tree:
      size: 482
      sha256: 5f6aae7483b458c8c98fa986ae3d63c6594979549e55ee2e07b06570ef733d6b
    commit: 8a13a23696115845133d87118b81c47fa1f9b04b
  original:
    subdir: validity-containers
    git: https://github.com/NorfairKing/validity
    commit: 8a13a23696115845133d87118b81c47fa1f9b04b
- completed:
    subdir: validity-path
    cabal-file:
      size: 1509
      sha256: 7e459e2efa3fe3e97d0abc15e740f8d66b536a1c85621481bc07b1c59e38686f
    name: validity-path
    version: 0.3.0.2
    git: https://github.com/NorfairKing/validity
    pantry-tree:
      size: 337
      sha256: db3b45fdf2270efc9398eaade08b59cf46414be792acee7a1cbb23caeecb07fd
    commit: 8a13a23696115845133d87118b81c47fa1f9b04b
  original:
    subdir: validity-path
    git: https://github.com/NorfairKing/validity
    commit: 8a13a23696115845133d87118b81c47fa1f9b04b
- completed:
    subdir: validity-time
    cabal-file:
      size: 1204
      sha256: dfe2f8e9be9da6a18b1674932c7a2d34ec18ec6dbfac994ddf4111b640466435
    name: validity-time
    version: 0.2.0.2
    git: https://github.com/NorfairKing/validity
    pantry-tree:
      size: 508
      sha256: 922ee1d731b2b32b33c664899013fb9f4f1a9d6c9ecf139e210a489abde7b315
    commit: 8a13a23696115845133d87118b81c47fa1f9b04b
  original:
    subdir: validity-time
    git: https://github.com/NorfairKing/validity
    commit: 8a13a23696115845133d87118b81c47fa1f9b04b
- completed:
    subdir: validity-uuid
    cabal-file:
      size: 1067
      sha256: 32ab0f09c555d4cf78c383e3e7b494214c791c88c404809e2bca93845d07fd77
    name: validity-uuid
    version: 0.1.0.2
    git: https://github.com/NorfairKing/validity
    pantry-tree:
      size: 214
      sha256: dfb2c88e3e57bcbc7965f6b76fd07bc2b2e23a773405373cc64668e45bd6dc93
    commit: 8a13a23696115845133d87118b81c47fa1f9b04b
  original:
    subdir: validity-uuid
    git: https://github.com/NorfairKing/validity
    commit: 8a13a23696115845133d87118b81c47fa1f9b04b
- completed:
    subdir: genvalidity
    cabal-file:
      size: 2892
      sha256: 11c6a4b1dd2c644aa57847649843274120aaac71c7ce66cd8b1639d3327b38a0
    name: genvalidity
    version: 0.8.0.0
    git: https://github.com/NorfairKing/validity
    pantry-tree:
      size: 755
      sha256: 44ed24443c9d12acde92b9987f10b4d657de0fbef17aa8e44c4e2db58846bdd8
    commit: 8a13a23696115845133d87118b81c47fa1f9b04b
  original:
    subdir: genvalidity
    git: https://github.com/NorfairKing/validity
    commit: 8a13a23696115845133d87118b81c47fa1f9b04b
- completed:
    subdir: genvalidity-containers
    cabal-file:
      size: 1871
      sha256: 1946b23820221c3af65d69128ee3b33d395afeec7935895d6c7b818610602391
    name: genvalidity-containers
    version: 0.6.0.0
    git: https://github.com/NorfairKing/validity
    pantry-tree:
      size: 924
      sha256: 4cc7ef28fa41cd61be9367937d6fbcc5d1b69d3b9bb2235ebc70b05c3ebf11ad
    commit: 8a13a23696115845133d87118b81c47fa1f9b04b
  original:
    subdir: genvalidity-containers
    git: https://github.com/NorfairKing/validity
    commit: 8a13a23696115845133d87118b81c47fa1f9b04b
- completed:
    subdir: genvalidity-hspec
    cabal-file:
      size: 3277
      sha256: d03eb64f3aa6edb604c26760b2212ab13507426beed36c4cc31d757099c0b675
    name: genvalidity-hspec
    version: 0.7.0.0
    git: https://github.com/NorfairKing/validity
    pantry-tree:
      size: 2183
      sha256: 5d562228962967b22ee2e94600ccbf6a88419efb2c19d7f9f9015dbd99088f53
    commit: 8a13a23696115845133d87118b81c47fa1f9b04b
  original:
    subdir: genvalidity-hspec
    git: https://github.com/NorfairKing/validity
    commit: 8a13a23696115845133d87118b81c47fa1f9b04b
- completed:
    subdir: genvalidity-hspec-aeson
    cabal-file:
      size: 2147
      sha256: 99bfa28cd99086bd78a433545cabe68f3325fce1fd60dc3adfeee569343c8410
    name: genvalidity-hspec-aeson
    version: 0.3.1.0
    git: https://github.com/NorfairKing/validity
    pantry-tree:
      size: 498
      sha256: 7bd96fba6c2983763052322b1fd6eee9351092b1faa7a9a0b8c2ca9e30c81112
    commit: 8a13a23696115845133d87118b81c47fa1f9b04b
  original:
    subdir: genvalidity-hspec-aeson
    git: https://github.com/NorfairKing/validity
    commit: 8a13a23696115845133d87118b81c47fa1f9b04b
- completed:
    subdir: genvalidity-property
    cabal-file:
      size: 2312
      sha256: 6dd54fa21fe039edefec91df81bf4406cbe566bdd49189ab4459b5810881522b
    name: genvalidity-property
    version: 0.4.0.0
    git: https://github.com/NorfairKing/validity
    pantry-tree:
      size: 1922
      sha256: 4508c8ebfb0dae33086ae2e95ef7f55b57a5ab37966f60e79d089e04cecdbfe9
    commit: 8a13a23696115845133d87118b81c47fa1f9b04b
  original:
    subdir: genvalidity-property
    git: https://github.com/NorfairKing/validity
    commit: 8a13a23696115845133d87118b81c47fa1f9b04b
- completed:
    subdir: genvalidity-time
    cabal-file:
      size: 1670
      sha256: b6a2982757b6f42119668ce25748466c421f08b376312d4c1ee2fb28ffa9494e
    name: genvalidity-time
    version: 0.2.1.1
    git: https://github.com/NorfairKing/validity
    pantry-tree:
      size: 647
      sha256: 45d7af2712647fec971b3b7c81d27571331fd0250bfa15fab1692189c32767dc
    commit: 8a13a23696115845133d87118b81c47fa1f9b04b
  original:
    subdir: genvalidity-time
    git: https://github.com/NorfairKing/validity
    commit: 8a13a23696115845133d87118b81c47fa1f9b04b
- completed:
    subdir: genvalidity-uuid
    cabal-file:
      size: 1582
      sha256: bad5c9b377b719334f095abdfc2b8ed0373fbb4f3f8ea3e127f4b6e7c74a8dde
    name: genvalidity-uuid
    version: 0.1.0.2
    git: https://github.com/NorfairKing/validity
    pantry-tree:
      size: 341
      sha256: 3fe8bc6b82967d22c43855b064d81b430b6291c5e2954c9c23146c6a40a9a8c1
    commit: 8a13a23696115845133d87118b81c47fa1f9b04b
  original:
    subdir: genvalidity-uuid
    git: https://github.com/NorfairKing/validity
    commit: 8a13a23696115845133d87118b81c47fa1f9b04b
snapshots:
- completed:
    size: 498155
    url: https://raw.githubusercontent.com/commercialhaskell/stackage-snapshots/master/lts/13/19.yaml
    sha256: b9367a80d4393d02e58a46b8a9fdfbd7bc19f59c0c2bbf90034ba15cf52cf213
  original: lts-13.19
