# This file was autogenerated by Stack.
# You should not edit this file by hand.
# For more information, please see the documentation at:
#   https://docs.haskellstack.org/en/stable/lock_files

packages:
- completed:
    size: 94195
    subdir: validity
    url: https://github.com/NorfairKing/validity/archive/c5a6efb92d96941308f55220a6f42f399acb1951.tar.gz
    cabal-file:
      size: 2660
      sha256: 4eb51142002c5b3e4cc8502b7fdbc494a7ec165b18dddc1fa3dda9733c26df5c
    name: validity
    version: 0.9.0.2
    sha256: 0df8b11adb096ceb4150f55bc041e9135749107bdf8bcd40bebd2c732ada8ad2
    pantry-tree:
      size: 450
      sha256: 10de560dee0383f73cf1104850cfb00cd5739e2913e09aa292d118a9f3c8b7b9
  original:
    subdir: validity
    url: https://github.com/NorfairKing/validity/archive/c5a6efb92d96941308f55220a6f42f399acb1951.tar.gz
- completed:
    size: 94195
    subdir: validity-containers
    url: https://github.com/NorfairKing/validity/archive/c5a6efb92d96941308f55220a6f42f399acb1951.tar.gz
    cabal-file:
      size: 1241
      sha256: 56bb653fd7ce46ea7fbe308abe1afc51964e9862dbbd7fc388021411f8ae6b2b
    name: validity-containers
    version: 0.5.0.0
    sha256: 0df8b11adb096ceb4150f55bc041e9135749107bdf8bcd40bebd2c732ada8ad2
    pantry-tree:
      size: 534
      sha256: 455bd9d3b8d7633f62f65fe600ae1077c9a483d097806627d293a8fdc96dfaeb
  original:
    subdir: validity-containers
    url: https://github.com/NorfairKing/validity/archive/c5a6efb92d96941308f55220a6f42f399acb1951.tar.gz
- completed:
    size: 94195
    subdir: validity-path
    url: https://github.com/NorfairKing/validity/archive/c5a6efb92d96941308f55220a6f42f399acb1951.tar.gz
    cabal-file:
      size: 1517
      sha256: 158a32dd93dcdf2ccd60c275ce71d8125a20df1b71376c2c34f05ae8f1e9fd77
    name: validity-path
    version: 0.4.0.0
    sha256: 0df8b11adb096ceb4150f55bc041e9135749107bdf8bcd40bebd2c732ada8ad2
    pantry-tree:
      size: 389
      sha256: 6db6e6d7fb62ae9a3b91478f6c03cbdda0505717a759ed1aa40e9ec9b9bb8564
  original:
    subdir: validity-path
    url: https://github.com/NorfairKing/validity/archive/c5a6efb92d96941308f55220a6f42f399acb1951.tar.gz
- completed:
    size: 94195
    subdir: validity-time
    url: https://github.com/NorfairKing/validity/archive/c5a6efb92d96941308f55220a6f42f399acb1951.tar.gz
    cabal-file:
      size: 1204
      sha256: dfe2f8e9be9da6a18b1674932c7a2d34ec18ec6dbfac994ddf4111b640466435
    name: validity-time
    version: 0.2.0.2
    sha256: 0df8b11adb096ceb4150f55bc041e9135749107bdf8bcd40bebd2c732ada8ad2
    pantry-tree:
      size: 508
      sha256: 922ee1d731b2b32b33c664899013fb9f4f1a9d6c9ecf139e210a489abde7b315
  original:
    subdir: validity-time
    url: https://github.com/NorfairKing/validity/archive/c5a6efb92d96941308f55220a6f42f399acb1951.tar.gz
- completed:
    size: 94195
    subdir: validity-uuid
    url: https://github.com/NorfairKing/validity/archive/c5a6efb92d96941308f55220a6f42f399acb1951.tar.gz
    cabal-file:
      size: 1067
      sha256: 32ab0f09c555d4cf78c383e3e7b494214c791c88c404809e2bca93845d07fd77
    name: validity-uuid
    version: 0.1.0.2
    sha256: 0df8b11adb096ceb4150f55bc041e9135749107bdf8bcd40bebd2c732ada8ad2
    pantry-tree:
      size: 214
      sha256: dfb2c88e3e57bcbc7965f6b76fd07bc2b2e23a773405373cc64668e45bd6dc93
  original:
    subdir: validity-uuid
    url: https://github.com/NorfairKing/validity/archive/c5a6efb92d96941308f55220a6f42f399acb1951.tar.gz
- completed:
    size: 94195
    subdir: genvalidity
    url: https://github.com/NorfairKing/validity/archive/c5a6efb92d96941308f55220a6f42f399acb1951.tar.gz
    cabal-file:
      size: 2892
      sha256: 46cc1deca49f5a9b16034b5a56732c821835e34865108a61fb821e6e7c04d4dd
    name: genvalidity
    version: 0.9.1.0
    sha256: 0df8b11adb096ceb4150f55bc041e9135749107bdf8bcd40bebd2c732ada8ad2
    pantry-tree:
      size: 755
      sha256: 158420f6f2f034c6ef6732edce2eab8af759b467f8ed51f359fcbf61011fe59a
  original:
    subdir: genvalidity
    url: https://github.com/NorfairKing/validity/archive/c5a6efb92d96941308f55220a6f42f399acb1951.tar.gz
- completed:
    size: 94195
    subdir: genvalidity-containers
    url: https://github.com/NorfairKing/validity/archive/c5a6efb92d96941308f55220a6f42f399acb1951.tar.gz
    cabal-file:
      size: 2327
      sha256: fcd92a080ff037a1116e51952bc36666930bf45b6faab202fa67bd913c004d52
    name: genvalidity-containers
    version: 0.8.0.1
    sha256: 0df8b11adb096ceb4150f55bc041e9135749107bdf8bcd40bebd2c732ada8ad2
    pantry-tree:
      size: 978
      sha256: fcc1f341d2a1084a78bfe0ca5bdf44c4006b050e3db3e1a1978e4fc70f21f1b6
  original:
    subdir: genvalidity-containers
    url: https://github.com/NorfairKing/validity/archive/c5a6efb92d96941308f55220a6f42f399acb1951.tar.gz
- completed:
    size: 94195
    subdir: genvalidity-hspec
    url: https://github.com/NorfairKing/validity/archive/c5a6efb92d96941308f55220a6f42f399acb1951.tar.gz
    cabal-file:
      size: 3314
      sha256: 808c974b46870757bbed109dbc2bef4168dadf11f39835afd2963718f5464297
    name: genvalidity-hspec
    version: 0.7.0.2
    sha256: 0df8b11adb096ceb4150f55bc041e9135749107bdf8bcd40bebd2c732ada8ad2
    pantry-tree:
      size: 2183
      sha256: ea3c206f82d54f9846e6716ab6f4dc3f38a57a4d701eff7b83b0b99ea3f0d41c
  original:
    subdir: genvalidity-hspec
    url: https://github.com/NorfairKing/validity/archive/c5a6efb92d96941308f55220a6f42f399acb1951.tar.gz
- completed:
    size: 94195
    subdir: genvalidity-hspec-aeson
    url: https://github.com/NorfairKing/validity/archive/c5a6efb92d96941308f55220a6f42f399acb1951.tar.gz
    cabal-file:
      size: 2147
      sha256: 99bfa28cd99086bd78a433545cabe68f3325fce1fd60dc3adfeee569343c8410
    name: genvalidity-hspec-aeson
    version: 0.3.1.0
    sha256: 0df8b11adb096ceb4150f55bc041e9135749107bdf8bcd40bebd2c732ada8ad2
    pantry-tree:
      size: 498
      sha256: 7bd96fba6c2983763052322b1fd6eee9351092b1faa7a9a0b8c2ca9e30c81112
  original:
    subdir: genvalidity-hspec-aeson
    url: https://github.com/NorfairKing/validity/archive/c5a6efb92d96941308f55220a6f42f399acb1951.tar.gz
- completed:
    size: 94195
    subdir: genvalidity-property
    url: https://github.com/NorfairKing/validity/archive/c5a6efb92d96941308f55220a6f42f399acb1951.tar.gz
    cabal-file:
      size: 2367
      sha256: 1593c44a60e1d833a023df370491622ba2fe583a9d0bac01175ee12452d92af1
    name: genvalidity-property
    version: 0.5.0.1
    sha256: 0df8b11adb096ceb4150f55bc041e9135749107bdf8bcd40bebd2c732ada8ad2
    pantry-tree:
      size: 1923
      sha256: 2c7b7ea840e53a4d81a1aff1bb6553b5e951998db5e244ed329b2594ae2193a9
  original:
    subdir: genvalidity-property
    url: https://github.com/NorfairKing/validity/archive/c5a6efb92d96941308f55220a6f42f399acb1951.tar.gz
- completed:
    size: 94195
    subdir: genvalidity-time
    url: https://github.com/NorfairKing/validity/archive/c5a6efb92d96941308f55220a6f42f399acb1951.tar.gz
    cabal-file:
      size: 1670
      sha256: b6a2982757b6f42119668ce25748466c421f08b376312d4c1ee2fb28ffa9494e
    name: genvalidity-time
    version: 0.2.1.1
    sha256: 0df8b11adb096ceb4150f55bc041e9135749107bdf8bcd40bebd2c732ada8ad2
    pantry-tree:
      size: 647
      sha256: 45d7af2712647fec971b3b7c81d27571331fd0250bfa15fab1692189c32767dc
  original:
    subdir: genvalidity-time
    url: https://github.com/NorfairKing/validity/archive/c5a6efb92d96941308f55220a6f42f399acb1951.tar.gz
- completed:
    size: 94195
    subdir: genvalidity-uuid
    url: https://github.com/NorfairKing/validity/archive/c5a6efb92d96941308f55220a6f42f399acb1951.tar.gz
    cabal-file:
      size: 1582
      sha256: bad5c9b377b719334f095abdfc2b8ed0373fbb4f3f8ea3e127f4b6e7c74a8dde
    name: genvalidity-uuid
    version: 0.1.0.2
    sha256: 0df8b11adb096ceb4150f55bc041e9135749107bdf8bcd40bebd2c732ada8ad2
    pantry-tree:
      size: 341
      sha256: 3fe8bc6b82967d22c43855b064d81b430b6291c5e2954c9c23146c6a40a9a8c1
  original:
    subdir: genvalidity-uuid
    url: https://github.com/NorfairKing/validity/archive/c5a6efb92d96941308f55220a6f42f399acb1951.tar.gz
snapshots:
- completed:
    size: 523700
    url: https://raw.githubusercontent.com/commercialhaskell/stackage-snapshots/master/lts/14/7.yaml
    sha256: 8e3f3c894be74d71fa4bf085e0a8baae7e4d7622d07ea31a52736b80f8b9bb1a
  original: lts-14.7
